{
  "name": "@akilli/editor",
  "version": "3.0.0",
  "lockfileVersion": 1,
  "requires": true,
  "dependencies": {
    "esbuild": {
      "version": "0.8.17",
      "resolved": "https://registry.npmjs.org/esbuild/-/esbuild-0.8.17.tgz",
      "integrity": "sha512-ReHap+Iyn5BQF0B8F3xrLwu+j57ri5uDUw2ej9XTPAuFDebYiWwRzBY4jhF610bklveXLbCGim/8/2wQKQlu1w==",
      "dev": true
    }
  }
}
