{
  "name": "@akilli/editor",
  "version": "1.1.0",
  "lockfileVersion": 1,
  "requires": true,
  "dependencies": {
    "esbuild": {
      "version": "0.8.2",
      "resolved": "https://registry.npmjs.org/esbuild/-/esbuild-0.8.2.tgz",
      "integrity": "sha512-kR3+OtVSx8cRDmz4PcfQU4FsXnfhiBfJzAV3nX4oK84pH5y7HaGKiTKBl4e7lKzFSiHo05Lzpo2r2B89u5Vspg==",
      "dev": true
    }
  }
}
