{
  "name": "@akilli/editor",
  "version": "0.0.0",
  "lockfileVersion": 1,
  "requires": true,
  "dependencies": {
    "servor": {
      "version": "3.1.0",
      "resolved": "https://registry.npmjs.org/servor/-/servor-3.1.0.tgz",
      "integrity": "sha512-odm+WXiPqPVtGxx4nr3A8m4cHPITHAVN4iOofV0mxlMV3C8SVzEnzTxBz+ArH4IpqlDtswnPw1tQ9tqa8u5zgw==",
      "dev": true
    }
  }
}
